
Microsoft Visual Studio Solution File, Format Version 12.00
# Visual Studio Version 17
VisualStudioVersion = 17.14.36511.14 d17.14
MinimumVisualStudioVersion = 10.0.40219.1
Project("{FAE04EC0-301F-11D3-BF4B-00C04F79EFBC}") = "BTTH1", "BTTH1\BTTH1.csproj", "{95F6B712-FDA5-4041-B219-88037896FCDF}"
EndProject
Global
	GlobalSection(SolutionConfigurationPlatforms) = preSolution
		Debug|Any CPU = Debug|Any CPU
		Release|Any CPU = Release|Any CPU
	EndGlobalSection
	GlobalSection(ProjectConfigurationPlatforms) = postSolution
		{95F6B712-FDA5-4041-B219-88037896FCDF}.Debug|Any CPU.ActiveCfg = Debug|Any CPU
		{95F6B712-FDA5-4041-B219-88037896FCDF}.Debug|Any CPU.Build.0 = Debug|Any CPU
		{95F6B712-FDA5-4041-B219-88037896FCDF}.Release|Any CPU.ActiveCfg = Release|Any CPU
		{95F6B712-FDA5-4041-B219-88037896FCDF}.Release|Any CPU.Build.0 = Release|Any CPU
	EndGlobalSection
	GlobalSection(SolutionProperties) = preSolution
		HideSolutionNode = FALSE
	EndGlobalSection
	GlobalSection(ExtensibilityGlobals) = postSolution
		SolutionGuid = {536B13EB-DB84-4F0E-8C81-EDF47FBE1357}
	EndGlobalSection
EndGlobal
